// !$*UTF8*$!
{
	archiveVersion = 1;
	classes = {
	};
	objectVersion = 50;
	objects = {

/* Begin PBXBuildFile section */
		D7ADF6E6CCE05BD8ED3E2C29 /* Pods_haatApp.framework in Frameworks */ = {isa = PBXBuildFile; fileRef = 1E1E1AE289AF0363FB066A05 /* Pods_haatApp.framework */; };
		F51ABB8F234906CA0011CE5D /* AppDelegate.swift in Sources */ = {isa = PBXBuildFile; fileRef = F51ABB8E234906CA0011CE5D /* AppDelegate.swift */; };
		F51ABB91234906CA0011CE5D /* SceneDelegate.swift in Sources */ = {isa = PBXBuildFile; fileRef = F51ABB90234906CA0011CE5D /* SceneDelegate.swift */; };
		F51ABB94234906CA0011CE5D /* haatApp.xcdatamodeld in Sources */ = {isa = PBXBuildFile; fileRef = F51ABB92234906CA0011CE5D /* haatApp.xcdatamodeld */; };
		F51ABB96234906CA0011CE5D /* ContentView.swift in Sources */ = {isa = PBXBuildFile; fileRef = F51ABB95234906CA0011CE5D /* ContentView.swift */; };
		F51ABB98234906CD0011CE5D /* Assets.xcassets in Resources */ = {isa = PBXBuildFile; fileRef = F51ABB97234906CD0011CE5D /* Assets.xcassets */; };
		F51ABB9B234906CD0011CE5D /* Preview Assets.xcassets in Resources */ = {isa = PBXBuildFile; fileRef = F51ABB9A234906CD0011CE5D /* Preview Assets.xcassets */; };
		F51ABB9E234906CD0011CE5D /* LaunchScreen.storyboard in Resources */ = {isa = PBXBuildFile; fileRef = F51ABB9C234906CD0011CE5D /* LaunchScreen.storyboard */; };
		F549383A236F6B91007D413D /* BluetoothManager.swift in Sources */ = {isa = PBXBuildFile; fileRef = F5493839236F6B91007D413D /* BluetoothManager.swift */; };
/* End PBXBuildFile section */

/* Begin PBXFileReference section */
		1E1E1AE289AF0363FB066A05 /* Pods_haatApp.framework */ = {isa = PBXFileReference; explicitFileType = wrapper.framework; includeInIndex = 0; path = Pods_haatApp.framework; sourceTree = BUILT_PRODUCTS_DIR; };
		270F089FB07F1F9E1A823572 /* Pods-haatApp.release.xcconfig */ = {isa = PBXFileReference; includeInIndex = 1; lastKnownFileType = text.xcconfig; name = "Pods-haatApp.release.xcconfig"; path = "Target Support Files/Pods-haatApp/Pods-haatApp.release.xcconfig"; sourceTree = "<group>"; };
		BC732B7FDD3A9A6BA0165747 /* Pods-haatApp.debug.xcconfig */ = {isa = PBXFileReference; includeInIndex = 1; lastKnownFileType = text.xcconfig; name = "Pods-haatApp.debug.xcconfig"; path = "Target Support Files/Pods-haatApp/Pods-haatApp.debug.xcconfig"; sourceTree = "<group>"; };
		F51ABB8B234906CA0011CE5D /* haatApp.app */ = {isa = PBXFileReference; explicitFileType = wrapper.application; includeInIndex = 0; path = haatApp.app; sourceTree = BUILT_PRODUCTS_DIR; };
		F51ABB8E234906CA0011CE5D /* AppDelegate.swift */ = {isa = PBXFileReference; lastKnownFileType = sourcecode.swift; path = AppDelegate.swift; sourceTree = "<group>"; };
		F51ABB90234906CA0011CE5D /* SceneDelegate.swift */ = {isa = PBXFileReference; lastKnownFileType = sourcecode.swift; path = SceneDelegate.swift; sourceTree = "<group>"; };
		F51ABB93234906CA0011CE5D /* haatApp.xcdatamodel */ = {isa = PBXFileReference; lastKnownFileType = wrapper.xcdatamodel; path = haatApp.xcdatamodel; sourceTree = "<group>"; };
		F51ABB95234906CA0011CE5D /* ContentView.swift */ = {isa = PBXFileReference; lastKnownFileType = sourcecode.swift; path = ContentView.swift; sourceTree = "<group>"; };
		F51ABB97234906CD0011CE5D /* Assets.xcassets */ = {isa = PBXFileReference; lastKnownFileType = folder.assetcatalog; path = Assets.xcassets; sourceTree = "<group>"; };
		F51ABB9A234906CD0011CE5D /* Preview Assets.xcassets */ = {isa = PBXFileReference; lastKnownFileType = folder.assetcatalog; path = "Preview Assets.xcassets"; sourceTree = "<group>"; };
		F51ABB9D234906CD0011CE5D /* Base */ = {isa = PBXFileReference; lastKnownFileType = file.storyboard; name = Base; path = Base.lproj/LaunchScreen.storyboard; sourceTree = "<group>"; };
		F51ABB9F234906CD0011CE5D /* Info.plist */ = {isa = PBXFileReference; lastKnownFileType = text.plist.xml; path = Info.plist; sourceTree = "<group>"; };
		F5493839236F6B91007D413D /* BluetoothManager.swift */ = {isa = PBXFileReference; lastKnownFileType = sourcecode.swift; path = BluetoothManager.swift; sourceTree = "<group>"; };
/* End PBXFileReference section */

/* Begin PBXFrameworksBuildPhase section */
		F51ABB88234906CA0011CE5D /* Frameworks */ = {
			isa = PBXFrameworksBuildPhase;
			buildActionMask = 2147483647;
			files = (
				D7ADF6E6CCE05BD8ED3E2C29 /* Pods_haatApp.framework in Frameworks */,
			);
			runOnlyForDeploymentPostprocessing = 0;
		};
/* End PBXFrameworksBuildPhase section */

/* Begin PBXGroup section */
		542B45AF3D830B06CCA66A36 /* Frameworks */ = {
			isa = PBXGroup;
			children = (
				1E1E1AE289AF0363FB066A05 /* Pods_haatApp.framework */,
			);
			name = Frameworks;
			sourceTree = "<group>";
		};
		E8F33CB868A1F5ABA99B8E05 /* Pods */ = {
			isa = PBXGroup;
			children = (
				BC732B7FDD3A9A6BA0165747 /* Pods-haatApp.debug.xcconfig */,
				270F089FB07F1F9E1A823572 /* Pods-haatApp.release.xcconfig */,
			);
			path = Pods;
			sourceTree = "<group>";
		};
		F51ABB82234906CA0011CE5D = {
			isa = PBXGroup;
			children = (
				F51ABB8D234906CA0011CE5D /* haatApp */,
				F51ABB8C234906CA0011CE5D /* Products */,
				E8F33CB868A1F5ABA99B8E05 /* Pods */,
				542B45AF3D830B06CCA66A36 /* Frameworks */,
			);
			sourceTree = "<group>";
		};
		F51ABB8C234906CA0011CE5D /* Products */ = {
			isa = PBXGroup;
			children = (
				F51ABB8B234906CA0011CE5D /* haatApp.app */,
			);
			name = Products;
			sourceTree = "<group>";
		};
		F51ABB8D234906CA0011CE5D /* haatApp */ = {
			isa = PBXGroup;
			children = (
				F51ABB8E234906CA0011CE5D /* AppDelegate.swift */,
				F51ABB90234906CA0011CE5D /* SceneDelegate.swift */,
				F51ABB95234906CA0011CE5D /* ContentView.swift */,
				F5493839236F6B91007D413D /* BluetoothManager.swift */,
				F51ABB97234906CD0011CE5D /* Assets.xcassets */,
				F51ABB9C234906CD0011CE5D /* LaunchScreen.storyboard */,
				F51ABB9F234906CD0011CE5D /* Info.plist */,
				F51ABB92234906CA0011CE5D /* haatApp.xcdatamodeld */,
				F51ABB99234906CD0011CE5D /* Preview Content */,
			);
			path = haatApp;
			sourceTree = "<group>";
		};
		F51ABB99234906CD0011CE5D /* Preview Content */ = {
			isa = PBXGroup;
			children = (
				F51ABB9A234906CD0011CE5D /* Preview Assets.xcassets */,
			);
			path = "Preview Content";
			sourceTree = "<group>";
		};
/* End PBXGroup section */

/* Begin PBXNativeTarget section */
		F51ABB8A234906CA0011CE5D /* haatApp */ = {
			isa = PBXNativeTarget;
			buildConfigurationList = F51ABBA2234906CD0011CE5D /* Build configuration list for PBXNativeTarget "haatApp" */;
			buildPhases = (
				304166E10669F5B8B93AE578 /* [CP] Check Pods Manifest.lock */,
				F51ABB87234906CA0011CE5D /* Sources */,
				F51ABB88234906CA0011CE5D /* Frameworks */,
				F51ABB89234906CA0011CE5D /* Resources */,
				156639C78811E6A5DD45C46D /* [CP] Embed Pods Frameworks */,
			);
			buildRules = (
			);
			dependencies = (
			);
			name = haatApp;
			productName = haatApp;
			productReference = F51ABB8B234906CA0011CE5D /* haatApp.app */;
			productType = "com.apple.product-type.application";
		};
/* End PBXNativeTarget section */

/* Begin PBXProject section */
		F51ABB83234906CA0011CE5D /* Project object */ = {
			isa = PBXProject;
			attributes = {
				LastSwiftUpdateCheck = 1100;
				LastUpgradeCheck = 1100;
				ORGANIZATIONNAME = "Reza Madhavan";
				TargetAttributes = {
					F51ABB8A234906CA0011CE5D = {
						CreatedOnToolsVersion = 11.0;
					};
				};
			};
			buildConfigurationList = F51ABB86234906CA0011CE5D /* Build configuration list for PBXProject "haatApp" */;
			compatibilityVersion = "Xcode 9.3";
			developmentRegion = en;
			hasScannedForEncodings = 0;
			knownRegions = (
				en,
				Base,
			);
			mainGroup = F51ABB82234906CA0011CE5D;
			productRefGroup = F51ABB8C234906CA0011CE5D /* Products */;
			projectDirPath = "";
			projectRoot = "";
			targets = (
				F51ABB8A234906CA0011CE5D /* haatApp */,
			);
		};
/* End PBXProject section */

/* Begin PBXResourcesBuildPhase section */
		F51ABB89234906CA0011CE5D /* Resources */ = {
			isa = PBXResourcesBuildPhase;
			buildActionMask = 2147483647;
			files = (
				F51ABB9E234906CD0011CE5D /* LaunchScreen.storyboard in Resources */,
				F51ABB9B234906CD0011CE5D /* Preview Assets.xcassets in Resources */,
				F51ABB98234906CD0011CE5D /* Assets.xcassets in Resources */,
			);
			runOnlyForDeploymentPostprocessing = 0;
		};
/* End PBXResourcesBuildPhase section */

/* Begin PBXShellScriptBuildPhase section */
		156639C78811E6A5DD45C46D /* [CP] Embed Pods Frameworks */ = {
			isa = PBXShellScriptBuildPhase;
			buildActionMask = 2147483647;
			files = (
			);
			inputFileListPaths = (
			);
			inputPaths = (
				"${PODS_ROOT}/Target Support Files/Pods-haatApp/Pods-haatApp-frameworks.sh",
				"${BUILT_PRODUCTS_DIR}/RxBluetoothKit/RxBluetoothKit.framework",
				"${BUILT_PRODUCTS_DIR}/RxSwift/RxSwift.framework",
			);
			name = "[CP] Embed Pods Frameworks";
			outputFileListPaths = (
			);
			outputPaths = (
				"${TARGET_BUILD_DIR}/${FRAMEWORKS_FOLDER_PATH}/RxBluetoothKit.framework",
				"${TARGET_BUILD_DIR}/${FRAMEWORKS_FOLDER_PATH}/RxSwift.framework",
			);
			runOnlyForDeploymentPostprocessing = 0;
			shellPath = /bin/sh;
			shellScript = "\"${PODS_ROOT}/Target Support Files/Pods-haatApp/Pods-haatApp-frameworks.sh\"\n";
			showEnvVarsInLog = 0;
		};
		304166E10669F5B8B93AE578 /* [CP] Check Pods Manifest.lock */ = {
			isa = PBXShellScriptBuildPhase;
			buildActionMask = 2147483647;
			files = (
			);
			inputFileListPaths = (
			);
			inputPaths = (
				"${PODS_PODFILE_DIR_PATH}/Podfile.lock",
				"${PODS_ROOT}/Manifest.lock",
			);
			name = "[CP] Check Pods Manifest.lock";
			outputFileListPaths = (
			);
			outputPaths = (
				"$(DERIVED_FILE_DIR)/Pods-haatApp-checkManifestLockResult.txt",
			);
			runOnlyForDeploymentPostprocessing = 0;
			shellPath = /bin/sh;
			shellScript = "diff \"${PODS_PODFILE_DIR_PATH}/Podfile.lock\" \"${PODS_ROOT}/Manifest.lock\" > /dev/null\nif [ $? != 0 ] ; then\n    # print error to STDERR\n    echo \"error: The sandbox is not in sync with the Podfile.lock. Run 'pod install' or update your CocoaPods installation.\" >&2\n    exit 1\nfi\n# This output is used by Xcode 'outputs' to avoid re-running this script phase.\necho \"SUCCESS\" > \"${SCRIPT_OUTPUT_FILE_0}\"\n";
			showEnvVarsInLog = 0;
		};
/* End PBXShellScriptBuildPhase section */

/* Begin PBXSourcesBuildPhase section */
		F51ABB87234906CA0011CE5D /* Sources */ = {
			isa = PBXSourcesBuildPhase;
			buildActionMask = 2147483647;
			files = (
				F51ABB94234906CA0011CE5D /* haatApp.xcdatamodeld in Sources */,
				F51ABB8F234906CA0011CE5D /* AppDelegate.swift in Sources */,
				F51ABB96234906CA0011CE5D /* ContentView.swift in Sources */,
				F51ABB91234906CA0011CE5D /* SceneDelegate.swift in Sources */,
				F549383A236F6B91007D413D /* BluetoothManager.swift in Sources */,
			);
			runOnlyForDeploymentPostprocessing = 0;
		};
/* End PBXSourcesBuildPhase section */

/* Begin PBXVariantGroup section */
		F51ABB9C234906CD0011CE5D /* LaunchScreen.storyboard */ = {
			isa = PBXVariantGroup;
			children = (
				F51ABB9D234906CD0011CE5D /* Base */,
			);
			name = LaunchScreen.storyboard;
			sourceTree = "<group>";
		};
/* End PBXVariantGroup section */

/* Begin XCBuildConfiguration section */
		F51ABBA0234906CD0011CE5D /* Debug */ = {
			isa = XCBuildConfiguration;
			buildSettings = {
				ALWAYS_SEARCH_USER_PATHS = NO;
				CLANG_ANALYZER_NONNULL = YES;
				CLANG_ANALYZER_NUMBER_OBJECT_CONVERSION = YES_AGGRESSIVE;
				CLANG_CXX_LANGUAGE_STANDARD = "gnu++14";
				CLANG_CXX_LIBRARY = "libc++";
				CLANG_ENABLE_MODULES = YES;
				CLANG_ENABLE_OBJC_ARC = YES;
				CLANG_ENABLE_OBJC_WEAK = YES;
				CLANG_WARN_BLOCK_CAPTURE_AUTORELEASING = YES;
				CLANG_WARN_BOOL_CONVERSION = YES;
				CLANG_WARN_COMMA = YES;
				CLANG_WARN_CONSTANT_CONVERSION = YES;
				CLANG_WARN_DEPRECATED_OBJC_IMPLEMENTATIONS = YES;
				CLANG_WARN_DIRECT_OBJC_ISA_USAGE = YES_ERROR;
				CLANG_WARN_DOCUMENTATION_COMMENTS = YES;
				CLANG_WARN_EMPTY_BODY = YES;
				CLANG_WARN_ENUM_CONVERSION = YES;
				CLANG_WARN_INFINITE_RECURSION = YES;
				CLANG_WARN_INT_CONVERSION = YES;
				CLANG_WARN_NON_LITERAL_NULL_CONVERSION = YES;
				CLANG_WARN_OBJC_IMPLICIT_RETAIN_SELF = YES;
				CLANG_WARN_OBJC_LITERAL_CONVERSION = YES;
				CLANG_WARN_OBJC_ROOT_CLASS = YES_ERROR;
				CLANG_WARN_RANGE_LOOP_ANALYSIS = YES;
				CLANG_WARN_STRICT_PROTOTYPES = YES;
				CLANG_WARN_SUSPICIOUS_MOVE = YES;
				CLANG_WARN_UNGUARDED_AVAILABILITY = YES_AGGRESSIVE;
				CLANG_WARN_UNREACHABLE_CODE = YES;
				CLANG_WARN__DUPLICATE_METHOD_MATCH = YES;
				COPY_PHASE_STRIP = NO;
				DEBUG_INFORMATION_FORMAT = dwarf;
				ENABLE_STRICT_OBJC_MSGSEND = YES;
				ENABLE_TESTABILITY = YES;
				GCC_C_LANGUAGE_STANDARD = gnu11;
				GCC_DYNAMIC_NO_PIC = NO;
				GCC_NO_COMMON_BLOCKS = YES;
				GCC_OPTIMIZATION_LEVEL = 0;
				GCC_PREPROCESSOR_DEFINITIONS = (
					"DEBUG=1",
					"$(inherited)",
				);
				GCC_WARN_64_TO_32_BIT_CONVERSION = YES;
				GCC_WARN_ABOUT_RETURN_TYPE = YES_ERROR;
				GCC_WARN_UNDECLARED_SELECTOR = YES;
				GCC_WARN_UNINITIALIZED_AUTOS = YES_AGGRESSIVE;
				GCC_WARN_UNUSED_FUNCTION = YES;
				GCC_WARN_UNUSED_VARIABLE = YES;
				IPHONEOS_DEPLOYMENT_TARGET = 13.0;
				MTL_ENABLE_DEBUG_INFO = INCLUDE_SOURCE;
				MTL_FAST_MATH = YES;
				ONLY_ACTIVE_ARCH = YES;
				SDKROOT = iphoneos;
				SWIFT_ACTIVE_COMPILATION_CONDITIONS = DEBUG;
				SWIFT_OPTIMIZATION_LEVEL = "-Onone";
			};
			name = Debug;
		};
		F51ABBA1234906CD0011CE5D /* Release */ = {
			isa = XCBuildConfiguration;
			buildSettings = {
				ALWAYS_SEARCH_USER_PATHS = NO;
				CLANG_ANALYZER_NONNULL = YES;
				CLANG_ANALYZER_NUMBER_OBJECT_CONVERSION = YES_AGGRESSIVE;
				CLANG_CXX_LANGUAGE_STANDARD = "gnu++14";
				CLANG_CXX_LIBRARY = "libc++";
				CLANG_ENABLE_MODULES = YES;
				CLANG_ENABLE_OBJC_ARC = YES;
				CLANG_ENABLE_OBJC_WEAK = YES;
				CLANG_WARN_BLOCK_CAPTURE_AUTORELEASING = YES;
				CLANG_WARN_BOOL_CONVERSION = YES;
				CLANG_WARN_COMMA = YES;
				CLANG_WARN_CONSTANT_CONVERSION = YES;
				CLANG_WARN_DEPRECATED_OBJC_IMPLEMENTATIONS = YES;
				CLANG_WARN_DIRECT_OBJC_ISA_USAGE = YES_ERROR;
				CLANG_WARN_DOCUMENTATION_COMMENTS = YES;
				CLANG_WARN_EMPTY_BODY = YES;
				CLANG_WARN_ENUM_CONVERSION = YES;
				CLANG_WARN_INFINITE_RECURSION = YES;
				CLANG_WARN_INT_CONVERSION = YES;
				CLANG_WARN_NON_LITERAL_NULL_CONVERSION = YES;
				CLANG_WARN_OBJC_IMPLICIT_RETAIN_SELF = YES;
				CLANG_WARN_OBJC_LITERAL_CONVERSION = YES;
				CLANG_WARN_OBJC_ROOT_CLASS = YES_ERROR;
				CLANG_WARN_RANGE_LOOP_ANALYSIS = YES;
				CLANG_WARN_STRICT_PROTOTYPES = YES;
				CLANG_WARN_SUSPICIOUS_MOVE = YES;
				CLANG_WARN_UNGUARDED_AVAILABILITY = YES_AGGRESSIVE;
				CLANG_WARN_UNREACHABLE_CODE = YES;
				CLANG_WARN__DUPLICATE_METHOD_MATCH = YES;
				COPY_PHASE_STRIP = NO;
				DEBUG_INFORMATION_FORMAT = "dwarf-with-dsym";
				ENABLE_NS_ASSERTIONS = NO;
				ENABLE_STRICT_OBJC_MSGSEND = YES;
				GCC_C_LANGUAGE_STANDARD = gnu11;
				GCC_NO_COMMON_BLOCKS = YES;
				GCC_WARN_64_TO_32_BIT_CONVERSION = YES;
				GCC_WARN_ABOUT_RETURN_TYPE = YES_ERROR;
				GCC_WARN_UNDECLARED_SELECTOR = YES;
				GCC_WARN_UNINITIALIZED_AUTOS = YES_AGGRESSIVE;
				GCC_WARN_UNUSED_FUNCTION = YES;
				GCC_WARN_UNUSED_VARIABLE = YES;
				IPHONEOS_DEPLOYMENT_TARGET = 13.0;
				MTL_ENABLE_DEBUG_INFO = NO;
				MTL_FAST_MATH = YES;
				SDKROOT = iphoneos;
				SWIFT_COMPILATION_MODE = wholemodule;
				SWIFT_OPTIMIZATION_LEVEL = "-O";
				VALIDATE_PRODUCT = YES;
			};
			name = Release;
		};
		F51ABBA3234906CD0011CE5D /* Debug */ = {
			isa = XCBuildConfiguration;
			baseConfigurationReference = BC732B7FDD3A9A6BA0165747 /* Pods-haatApp.debug.xcconfig */;
			buildSettings = {
				ASSETCATALOG_COMPILER_APPICON_NAME = AppIcon;
				CODE_SIGN_STYLE = Automatic;
				DEVELOPMENT_ASSET_PATHS = "\"haatApp/Preview Content\"";
				DEVELOPMENT_TEAM = 4HW3XHV6KV;
				ENABLE_PREVIEWS = YES;
				INFOPLIST_FILE = haatApp/Info.plist;
				LD_RUNPATH_SEARCH_PATHS = (
					"$(inherited)",
					"@executable_path/Frameworks",
				);
				PRODUCT_BUNDLE_IDENTIFIER = Reza.haatApp;
				PRODUCT_NAME = "$(TARGET_NAME)";
				SWIFT_VERSION = 5.0;
				TARGETED_DEVICE_FAMILY = "1,2";
			};
			name = Debug;
		};
		F51ABBA4234906CD0011CE5D /* Release */ = {
			isa = XCBuildConfiguration;
			baseConfigurationReference = 270F089FB07F1F9E1A823572 /* Pods-haatApp.release.xcconfig */;
			buildSettings = {
				ASSETCATALOG_COMPILER_APPICON_NAME = AppIcon;
				CODE_SIGN_STYLE = Automatic;
				DEVELOPMENT_ASSET_PATHS = "\"haatApp/Preview Content\"";
				DEVELOPMENT_TEAM = 4HW3XHV6KV;
				ENABLE_PREVIEWS = YES;
				INFOPLIST_FILE = haatApp/Info.plist;
				LD_RUNPATH_SEARCH_PATHS = (
					"$(inherited)",
					"@executable_path/Frameworks",
				);
				PRODUCT_BUNDLE_IDENTIFIER = Reza.haatApp;
				PRODUCT_NAME = "$(TARGET_NAME)";
				SWIFT_VERSION = 5.0;
				TARGETED_DEVICE_FAMILY = "1,2";
			};
			name = Release;
		};
/* End XCBuildConfiguration section */

/* Begin XCConfigurationList section */
		F51ABB86234906CA0011CE5D /* Build configuration list for PBXProject "haatApp" */ = {
			isa = XCConfigurationList;
			buildConfigurations = (
				F51ABBA0234906CD0011CE5D /* Debug */,
				F51ABBA1234906CD0011CE5D /* Release */,
			);
			defaultConfigurationIsVisible = 0;
			defaultConfigurationName = Release;
		};
		F51ABBA2234906CD0011CE5D /* Build configuration list for PBXNativeTarget "haatApp" */ = {
			isa = XCConfigurationList;
			buildConfigurations = (
				F51ABBA3234906CD0011CE5D /* Debug */,
				F51ABBA4234906CD0011CE5D /* Release */,
			);
			defaultConfigurationIsVisible = 0;
			defaultConfigurationName = Release;
		};
/* End XCConfigurationList section */

/* Begin XCVersionGroup section */
		F51ABB92234906CA0011CE5D /* haatApp.xcdatamodeld */ = {
			isa = XCVersionGroup;
			children = (
				F51ABB93234906CA0011CE5D /* haatApp.xcdatamodel */,
			);
			currentVersion = F51ABB93234906CA0011CE5D /* haatApp.xcdatamodel */;
			path = haatApp.xcdatamodeld;
			sourceTree = "<group>";
			versionGroupType = wrapper.xcdatamodel;
		};
/* End XCVersionGroup section */
	};
	rootObject = F51ABB83234906CA0011CE5D /* Project object */;
}
